// !$*UTF8*$!
{
	archiveVersion = 1;
	classes = {
	};
	objectVersion = 50;
	objects = {

/* Begin PBXBuildFile section */
		391D38F420D844AF00A78FAB /* AppDelegate.swift in Sources */ = {isa = PBXBuildFile; fileRef = 391D38F320D844AF00A78FAB /* AppDelegate.swift */; };
		391D38F620D844B000A78FAB /* ViewController.swift in Sources */ = {isa = PBXBuildFile; fileRef = 391D38F520D844B000A78FAB /* ViewController.swift */; };
		391D38F920D844B000A78FAB /* Main.storyboard in Resources */ = {isa = PBXBuildFile; fileRef = 391D38F720D844B000A78FAB /* Main.storyboard */; };
		391D38FB20D844D500A78FAB /* Assets.xcassets in Resources */ = {isa = PBXBuildFile; fileRef = 391D38FA20D844D500A78FAB /* Assets.xcassets */; };
		391D38FE20D844D500A78FAB /* LaunchScreen.storyboard in Resources */ = {isa = PBXBuildFile; fileRef = 391D38FC20D844D500A78FAB /* LaunchScreen.storyboard */; };
		391D390820D8537600A78FAB /* FavoriteTableView.swift in Sources */ = {isa = PBXBuildFile; fileRef = 391D390720D8537600A78FAB /* FavoriteTableView.swift */; };
		391D390A20D853CF00A78FAB /* FavoriteCellDesign.xib in Resources */ = {isa = PBXBuildFile; fileRef = 391D390920D853CF00A78FAB /* FavoriteCellDesign.xib */; };
		391D390C20D8718000A78FAB /* FavoriteCell.swift in Sources */ = {isa = PBXBuildFile; fileRef = 391D390B20D8718000A78FAB /* FavoriteCell.swift */; };
		391D390E20D96B1300A78FAB /* Favorite.swift in Sources */ = {isa = PBXBuildFile; fileRef = 391D390D20D96B1300A78FAB /* Favorite.swift */; };
		391D391020D991B700A78FAB /* FavoriteCellDesign.swift in Sources */ = {isa = PBXBuildFile; fileRef = 391D390F20D991B700A78FAB /* FavoriteCellDesign.swift */; };
		391D391220D9BEEA00A78FAB /* chevron_rigth.png in Resources */ = {isa = PBXBuildFile; fileRef = 391D391120D9BEEA00A78FAB /* chevron_rigth.png */; };
		391D391420D9BFD200A78FAB /* chevron_rigth_white.png in Resources */ = {isa = PBXBuildFile; fileRef = 391D391320D9BFD200A78FAB /* chevron_rigth_white.png */; };
/* End PBXBuildFile section */

/* Begin PBXFileReference section */
		391D38F020D844AF00A78FAB /* FavoriteListSection.app */ = {isa = PBXFileReference; explicitFileType = wrapper.application; includeInIndex = 0; path = FavoriteListSection.app; sourceTree = BUILT_PRODUCTS_DIR; };
		391D38F320D844AF00A78FAB /* AppDelegate.swift */ = {isa = PBXFileReference; lastKnownFileType = sourcecode.swift; path = AppDelegate.swift; sourceTree = "<group>"; };
		391D38F520D844B000A78FAB /* ViewController.swift */ = {isa = PBXFileReference; lastKnownFileType = sourcecode.swift; path = ViewController.swift; sourceTree = "<group>"; };
		391D38F820D844B000A78FAB /* Base */ = {isa = PBXFileReference; lastKnownFileType = file.storyboard; name = Base; path = Base.lproj/Main.storyboard; sourceTree = "<group>"; };
		391D38FA20D844D500A78FAB /* Assets.xcassets */ = {isa = PBXFileReference; lastKnownFileType = folder.assetcatalog; path = Assets.xcassets; sourceTree = "<group>"; };
		391D38FD20D844D500A78FAB /* Base */ = {isa = PBXFileReference; lastKnownFileType = file.storyboard; name = Base; path = Base.lproj/LaunchScreen.storyboard; sourceTree = "<group>"; };
		391D38FF20D844D500A78FAB /* Info.plist */ = {isa = PBXFileReference; lastKnownFileType = text.plist.xml; path = Info.plist; sourceTree = "<group>"; };
		391D390720D8537600A78FAB /* FavoriteTableView.swift */ = {isa = PBXFileReference; lastKnownFileType = sourcecode.swift; path = FavoriteTableView.swift; sourceTree = "<group>"; };
		391D390920D853CF00A78FAB /* FavoriteCellDesign.xib */ = {isa = PBXFileReference; lastKnownFileType = file.xib; path = FavoriteCellDesign.xib; sourceTree = "<group>"; };
		391D390B20D8718000A78FAB /* FavoriteCell.swift */ = {isa = PBXFileReference; lastKnownFileType = sourcecode.swift; path = FavoriteCell.swift; sourceTree = "<group>"; };
		391D390D20D96B1300A78FAB /* Favorite.swift */ = {isa = PBXFileReference; lastKnownFileType = sourcecode.swift; path = Favorite.swift; sourceTree = "<group>"; };
		391D390F20D991B700A78FAB /* FavoriteCellDesign.swift */ = {isa = PBXFileReference; lastKnownFileType = sourcecode.swift; path = FavoriteCellDesign.swift; sourceTree = "<group>"; };
		391D391120D9BEEA00A78FAB /* chevron_rigth.png */ = {isa = PBXFileReference; lastKnownFileType = image.png; path = chevron_rigth.png; sourceTree = "<group>"; };
		391D391320D9BFD200A78FAB /* chevron_rigth_white.png */ = {isa = PBXFileReference; lastKnownFileType = image.png; path = chevron_rigth_white.png; sourceTree = "<group>"; };
/* End PBXFileReference section */

/* Begin PBXFrameworksBuildPhase section */
		391D38ED20D844AF00A78FAB /* Frameworks */ = {
			isa = PBXFrameworksBuildPhase;
			buildActionMask = 2147483647;
			files = (
			);
			runOnlyForDeploymentPostprocessing = 0;
		};
/* End PBXFrameworksBuildPhase section */

/* Begin PBXGroup section */
		391D38E720D844AF00A78FAB = {
			isa = PBXGroup;
			children = (
				391D38F220D844AF00A78FAB /* FavoriteListSection */,
				391D38F120D844AF00A78FAB /* Products */,
			);
			sourceTree = "<group>";
		};
		391D38F120D844AF00A78FAB /* Products */ = {
			isa = PBXGroup;
			children = (
				391D38F020D844AF00A78FAB /* FavoriteListSection.app */,
			);
			name = Products;
			sourceTree = "<group>";
		};
		391D38F220D844AF00A78FAB /* FavoriteListSection */ = {
			isa = PBXGroup;
			children = (
				391D391720DAED0800A78FAB /* Sources */,
				391D38F320D844AF00A78FAB /* AppDelegate.swift */,
				391D38F520D844B000A78FAB /* ViewController.swift */,
				391D38F720D844B000A78FAB /* Main.storyboard */,
				391D38FA20D844D500A78FAB /* Assets.xcassets */,
				391D38FC20D844D500A78FAB /* LaunchScreen.storyboard */,
				391D38FF20D844D500A78FAB /* Info.plist */,
			);
			path = FavoriteListSection;
			sourceTree = "<group>";
		};
		391D391720DAED0800A78FAB /* Sources */ = {
			isa = PBXGroup;
			children = (
				391D390720D8537600A78FAB /* FavoriteTableView.swift */,
				391D391120D9BEEA00A78FAB /* chevron_rigth.png */,
				391D391320D9BFD200A78FAB /* chevron_rigth_white.png */,
				391D390920D853CF00A78FAB /* FavoriteCellDesign.xib */,
				391D390F20D991B700A78FAB /* FavoriteCellDesign.swift */,
				391D390B20D8718000A78FAB /* FavoriteCell.swift */,
				391D390D20D96B1300A78FAB /* Favorite.swift */,
			);
			path = Sources;
			sourceTree = "<group>";
		};
/* End PBXGroup section */

/* Begin PBXNativeTarget section */
		391D38EF20D844AF00A78FAB /* FavoriteListSection */ = {
			isa = PBXNativeTarget;
			buildConfigurationList = 391D390220D844D500A78FAB /* Build configuration list for PBXNativeTarget "FavoriteListSection" */;
			buildPhases = (
				391D38EC20D844AF00A78FAB /* Sources */,
				391D38ED20D844AF00A78FAB /* Frameworks */,
				391D38EE20D844AF00A78FAB /* Resources */,
			);
			buildRules = (
			);
			dependencies = (
			);
			name = FavoriteListSection;
			productName = FavoriteListSection;
			productReference = 391D38F020D844AF00A78FAB /* FavoriteListSection.app */;
			productType = "com.apple.product-type.application";
		};
/* End PBXNativeTarget section */

/* Begin PBXProject section */
		391D38E820D844AF00A78FAB /* Project object */ = {
			isa = PBXProject;
			attributes = {
				LastSwiftUpdateCheck = 0930;
				LastUpgradeCheck = 0930;
				ORGANIZATIONNAME = "Aceleradora Mobile Perú";
				TargetAttributes = {
					391D38EF20D844AF00A78FAB = {
						CreatedOnToolsVersion = 9.3;
					};
				};
			};
			buildConfigurationList = 391D38EB20D844AF00A78FAB /* Build configuration list for PBXProject "FavoriteListSection" */;
			compatibilityVersion = "Xcode 9.3";
			developmentRegion = en;
			hasScannedForEncodings = 0;
			knownRegions = (
				en,
				Base,
			);
			mainGroup = 391D38E720D844AF00A78FAB;
			productRefGroup = 391D38F120D844AF00A78FAB /* Products */;
			projectDirPath = "";
			projectRoot = "";
			targets = (
				391D38EF20D844AF00A78FAB /* FavoriteListSection */,
			);
		};
/* End PBXProject section */

/* Begin PBXResourcesBuildPhase section */
		391D38EE20D844AF00A78FAB /* Resources */ = {
			isa = PBXResourcesBuildPhase;
			buildActionMask = 2147483647;
			files = (
				391D391420D9BFD200A78FAB /* chevron_rigth_white.png in Resources */,
				391D38FE20D844D500A78FAB /* LaunchScreen.storyboard in Resources */,
				391D391220D9BEEA00A78FAB /* chevron_rigth.png in Resources */,
				391D390A20D853CF00A78FAB /* FavoriteCellDesign.xib in Resources */,
				391D38FB20D844D500A78FAB /* Assets.xcassets in Resources */,
				391D38F920D844B000A78FAB /* Main.storyboard in Resources */,
			);
			runOnlyForDeploymentPostprocessing = 0;
		};
/* End PBXResourcesBuildPhase section */

/* Begin PBXSourcesBuildPhase section */
		391D38EC20D844AF00A78FAB /* Sources */ = {
			isa = PBXSourcesBuildPhase;
			buildActionMask = 2147483647;
			files = (
				391D390E20D96B1300A78FAB /* Favorite.swift in Sources */,
				391D391020D991B700A78FAB /* FavoriteCellDesign.swift in Sources */,
				391D38F620D844B000A78FAB /* ViewController.swift in Sources */,
				391D390C20D8718000A78FAB /* FavoriteCell.swift in Sources */,
				391D38F420D844AF00A78FAB /* AppDelegate.swift in Sources */,
				391D390820D8537600A78FAB /* FavoriteTableView.swift in Sources */,
			);
			runOnlyForDeploymentPostprocessing = 0;
		};
/* End PBXSourcesBuildPhase section */

/* Begin PBXVariantGroup section */
		391D38F720D844B000A78FAB /* Main.storyboard */ = {
			isa = PBXVariantGroup;
			children = (
				391D38F820D844B000A78FAB /* Base */,
			);
			name = Main.storyboard;
			sourceTree = "<group>";
		};
		391D38FC20D844D500A78FAB /* LaunchScreen.storyboard */ = {
			isa = PBXVariantGroup;
			children = (
				391D38FD20D844D500A78FAB /* Base */,
			);
			name = LaunchScreen.storyboard;
			sourceTree = "<group>";
		};
/* End PBXVariantGroup section */

/* Begin XCBuildConfiguration section */
		391D390020D844D500A78FAB /* Debug */ = {
			isa = XCBuildConfiguration;
			buildSettings = {
				ALWAYS_SEARCH_USER_PATHS = NO;
				CLANG_ANALYZER_NONNULL = YES;
				CLANG_ANALYZER_NUMBER_OBJECT_CONVERSION = YES_AGGRESSIVE;
				CLANG_CXX_LANGUAGE_STANDARD = "gnu++14";
				CLANG_CXX_LIBRARY = "libc++";
				CLANG_ENABLE_MODULES = YES;
				CLANG_ENABLE_OBJC_ARC = YES;
				CLANG_ENABLE_OBJC_WEAK = YES;
				CLANG_WARN_BLOCK_CAPTURE_AUTORELEASING = YES;
				CLANG_WARN_BOOL_CONVERSION = YES;
				CLANG_WARN_COMMA = YES;
				CLANG_WARN_CONSTANT_CONVERSION = YES;
				CLANG_WARN_DEPRECATED_OBJC_IMPLEMENTATIONS = YES;
				CLANG_WARN_DIRECT_OBJC_ISA_USAGE = YES_ERROR;
				CLANG_WARN_DOCUMENTATION_COMMENTS = YES;
				CLANG_WARN_EMPTY_BODY = YES;
				CLANG_WARN_ENUM_CONVERSION = YES;
				CLANG_WARN_INFINITE_RECURSION = YES;
				CLANG_WARN_INT_CONVERSION = YES;
				CLANG_WARN_NON_LITERAL_NULL_CONVERSION = YES;
				CLANG_WARN_OBJC_IMPLICIT_RETAIN_SELF = YES;
				CLANG_WARN_OBJC_LITERAL_CONVERSION = YES;
				CLANG_WARN_OBJC_ROOT_CLASS = YES_ERROR;
				CLANG_WARN_RANGE_LOOP_ANALYSIS = YES;
				CLANG_WARN_STRICT_PROTOTYPES = YES;
				CLANG_WARN_SUSPICIOUS_MOVE = YES;
				CLANG_WARN_UNGUARDED_AVAILABILITY = YES_AGGRESSIVE;
				CLANG_WARN_UNREACHABLE_CODE = YES;
				CLANG_WARN__DUPLICATE_METHOD_MATCH = YES;
				CODE_SIGN_IDENTITY = "iPhone Developer";
				COPY_PHASE_STRIP = NO;
				DEBUG_INFORMATION_FORMAT = dwarf;
				ENABLE_STRICT_OBJC_MSGSEND = YES;
				ENABLE_TESTABILITY = YES;
				GCC_C_LANGUAGE_STANDARD = gnu11;
				GCC_DYNAMIC_NO_PIC = NO;
				GCC_NO_COMMON_BLOCKS = YES;
				GCC_OPTIMIZATION_LEVEL = 0;
				GCC_PREPROCESSOR_DEFINITIONS = (
					"DEBUG=1",
					"$(inherited)",
				);
				GCC_WARN_64_TO_32_BIT_CONVERSION = YES;
				GCC_WARN_ABOUT_RETURN_TYPE = YES_ERROR;
				GCC_WARN_UNDECLARED_SELECTOR = YES;
				GCC_WARN_UNINITIALIZED_AUTOS = YES_AGGRESSIVE;
				GCC_WARN_UNUSED_FUNCTION = YES;
				GCC_WARN_UNUSED_VARIABLE = YES;
				IPHONEOS_DEPLOYMENT_TARGET = 11.3;
				MTL_ENABLE_DEBUG_INFO = YES;
				ONLY_ACTIVE_ARCH = YES;
				SDKROOT = iphoneos;
				SWIFT_ACTIVE_COMPILATION_CONDITIONS = DEBUG;
				SWIFT_OPTIMIZATION_LEVEL = "-Onone";
			};
			name = Debug;
		};
		391D390120D844D500A78FAB /* Release */ = {
			isa = XCBuildConfiguration;
			buildSettings = {
				ALWAYS_SEARCH_USER_PATHS = NO;
				CLANG_ANALYZER_NONNULL = YES;
				CLANG_ANALYZER_NUMBER_OBJECT_CONVERSION = YES_AGGRESSIVE;
				CLANG_CXX_LANGUAGE_STANDARD = "gnu++14";
				CLANG_CXX_LIBRARY = "libc++";
				CLANG_ENABLE_MODULES = YES;
				CLANG_ENABLE_OBJC_ARC = YES;
				CLANG_ENABLE_OBJC_WEAK = YES;
				CLANG_WARN_BLOCK_CAPTURE_AUTORELEASING = YES;
				CLANG_WARN_BOOL_CONVERSION = YES;
				CLANG_WARN_COMMA = YES;
				CLANG_WARN_CONSTANT_CONVERSION = YES;
				CLANG_WARN_DEPRECATED_OBJC_IMPLEMENTATIONS = YES;
				CLANG_WARN_DIRECT_OBJC_ISA_USAGE = YES_ERROR;
				CLANG_WARN_DOCUMENTATION_COMMENTS = YES;
				CLANG_WARN_EMPTY_BODY = YES;
				CLANG_WARN_ENUM_CONVERSION = YES;
				CLANG_WARN_INFINITE_RECURSION = YES;
				CLANG_WARN_INT_CONVERSION = YES;
				CLANG_WARN_NON_LITERAL_NULL_CONVERSION = YES;
				CLANG_WARN_OBJC_IMPLICIT_RETAIN_SELF = YES;
				CLANG_WARN_OBJC_LITERAL_CONVERSION = YES;
				CLANG_WARN_OBJC_ROOT_CLASS = YES_ERROR;
				CLANG_WARN_RANGE_LOOP_ANALYSIS = YES;
				CLANG_WARN_STRICT_PROTOTYPES = YES;
				CLANG_WARN_SUSPICIOUS_MOVE = YES;
				CLANG_WARN_UNGUARDED_AVAILABILITY = YES_AGGRESSIVE;
				CLANG_WARN_UNREACHABLE_CODE = YES;
				CLANG_WARN__DUPLICATE_METHOD_MATCH = YES;
				CODE_SIGN_IDENTITY = "iPhone Developer";
				COPY_PHASE_STRIP = NO;
				DEBUG_INFORMATION_FORMAT = "dwarf-with-dsym";
				ENABLE_NS_ASSERTIONS = NO;
				ENABLE_STRICT_OBJC_MSGSEND = YES;
				GCC_C_LANGUAGE_STANDARD = gnu11;
				GCC_NO_COMMON_BLOCKS = YES;
				GCC_WARN_64_TO_32_BIT_CONVERSION = YES;
				GCC_WARN_ABOUT_RETURN_TYPE = YES_ERROR;
				GCC_WARN_UNDECLARED_SELECTOR = YES;
				GCC_WARN_UNINITIALIZED_AUTOS = YES_AGGRESSIVE;
				GCC_WARN_UNUSED_FUNCTION = YES;
				GCC_WARN_UNUSED_VARIABLE = YES;
				IPHONEOS_DEPLOYMENT_TARGET = 11.3;
				MTL_ENABLE_DEBUG_INFO = NO;
				SDKROOT = iphoneos;
				SWIFT_COMPILATION_MODE = wholemodule;
				SWIFT_OPTIMIZATION_LEVEL = "-O";
				VALIDATE_PRODUCT = YES;
			};
			name = Release;
		};
		391D390320D844D500A78FAB /* Debug */ = {
			isa = XCBuildConfiguration;
			buildSettings = {
				ASSETCATALOG_COMPILER_APPICON_NAME = AppIcon;
				CODE_SIGN_STYLE = Automatic;
				DEFINES_MODULE = YES;
				DEVELOPMENT_TEAM = 778N4TU227;
				FRAMEWORK_SEARCH_PATHS = (
					"$(inherited)",
					"$(PROJECT_DIR)",
				);
				INFOPLIST_FILE = FavoriteListSection/Info.plist;
				LD_RUNPATH_SEARCH_PATHS = (
					"$(inherited)",
					"@executable_path/Frameworks",
				);
				PRODUCT_BUNDLE_IDENTIFIER = com.everis.FavoriteListSection;
				PRODUCT_NAME = "$(TARGET_NAME)";
				SWIFT_VERSION = 4.0;
				TARGETED_DEVICE_FAMILY = "1,2";
			};
			name = Debug;
		};
		391D390420D844D500A78FAB /* Release */ = {
			isa = XCBuildConfiguration;
			buildSettings = {
				ASSETCATALOG_COMPILER_APPICON_NAME = AppIcon;
				CODE_SIGN_STYLE = Automatic;
				DEFINES_MODULE = YES;
				DEVELOPMENT_TEAM = 778N4TU227;
				FRAMEWORK_SEARCH_PATHS = (
					"$(inherited)",
					"$(PROJECT_DIR)",
				);
				INFOPLIST_FILE = FavoriteListSection/Info.plist;
				LD_RUNPATH_SEARCH_PATHS = (
					"$(inherited)",
					"@executable_path/Frameworks",
				);
				PRODUCT_BUNDLE_IDENTIFIER = com.everis.FavoriteListSection;
				PRODUCT_NAME = "$(TARGET_NAME)";
				SWIFT_VERSION = 4.0;
				TARGETED_DEVICE_FAMILY = "1,2";
			};
			name = Release;
		};
/* End XCBuildConfiguration section */

/* Begin XCConfigurationList section */
		391D38EB20D844AF00A78FAB /* Build configuration list for PBXProject "FavoriteListSection" */ = {
			isa = XCConfigurationList;
			buildConfigurations = (
				391D390020D844D500A78FAB /* Debug */,
				391D390120D844D500A78FAB /* Release */,
			);
			defaultConfigurationIsVisible = 0;
			defaultConfigurationName = Release;
		};
		391D390220D844D500A78FAB /* Build configuration list for PBXNativeTarget "FavoriteListSection" */ = {
			isa = XCConfigurationList;
			buildConfigurations = (
				391D390320D844D500A78FAB /* Debug */,
				391D390420D844D500A78FAB /* Release */,
			);
			defaultConfigurationIsVisible = 0;
			defaultConfigurationName = Release;
		};
/* End XCConfigurationList section */
	};
	rootObject = 391D38E820D844AF00A78FAB /* Project object */;
}
